Microsoft Visual Studio Solution File, Format Version 11.00
# Visual Studio 2008

Project("{B57716F5-133A-943F-ADDF-2FBAE5CA584B}") = "PowerDefenseScratch", "Assembly-CSharp.csproj", "{2882FA1A-AAE1-3A2B-D4EB-4F99D96038EE}"
EndProject
Project("{B57716F5-133A-943F-ADDF-2FBAE5CA584B}") = "PowerDefenseScratch", "Assembly-CSharp-Editor.csproj", "{B400CBAC-64DD-8650-E8B4-1EE90CA49FC3}"
EndProject
Global
	GlobalSection(SolutionConfigurationPlatforms) = preSolution
		Debug|Any CPU = Debug|Any CPU
		Release|Any CPU = Release|Any CPU
	EndGlobalSection
	GlobalSection(ProjectConfigurationPlatforms) = postSolution
		{2882FA1A-AAE1-3A2B-D4EB-4F99D96038EE}.Debug|Any CPU.ActiveCfg = Debug|Any CPU
		{2882FA1A-AAE1-3A2B-D4EB-4F99D96038EE}.Debug|Any CPU.Build.0 = Debug|Any CPU
		{2882FA1A-AAE1-3A2B-D4EB-4F99D96038EE}.Release|Any CPU.ActiveCfg = Release|Any CPU
		{2882FA1A-AAE1-3A2B-D4EB-4F99D96038EE}.Release|Any CPU.Build.0 = Release|Any CPU
		{B400CBAC-64DD-8650-E8B4-1EE90CA49FC3}.Debug|Any CPU.ActiveCfg = Debug|Any CPU
		{B400CBAC-64DD-8650-E8B4-1EE90CA49FC3}.Debug|Any CPU.Build.0 = Debug|Any CPU
		{B400CBAC-64DD-8650-E8B4-1EE90CA49FC3}.Release|Any CPU.ActiveCfg = Release|Any CPU
		{B400CBAC-64DD-8650-E8B4-1EE90CA49FC3}.Release|Any CPU.Build.0 = Release|Any CPU
	EndGlobalSection
	GlobalSection(SolutionProperties) = preSolution
		HideSolutionNode = FALSE
	EndGlobalSection
	GlobalSection(MonoDevelopProperties) = preSolution
		StartupItem = Assembly-CSharp.csproj
	EndGlobalSection
EndGlobal
